
Microsoft Visual Studio Solution File, Format Version 12.00
# Visual Studio Version 17
VisualStudioVersion = 17.11.35303.130
MinimumVisualStudioVersion = 10.0.40219.1
Project("{FAE04EC0-301F-11D3-BF4B-00C04F79EFBC}") = "MauiPickerMVVM", "MauiPickerMVVM\MauiPickerMVVM.csproj", "{AE0D7CA9-573B-4FC3-A586-9E1336610AA9}"
EndProject
Global
	GlobalSection(SolutionConfigurationPlatforms) = preSolution
		Debug|Any CPU = Debug|Any CPU
		Release|Any CPU = Release|Any CPU
	EndGlobalSection
	GlobalSection(ProjectConfigurationPlatforms) = postSolution
		{AE0D7CA9-573B-4FC3-A586-9E1336610AA9}.Debug|Any CPU.ActiveCfg = Debug|Any CPU
		{AE0D7CA9-573B-4FC3-A586-9E1336610AA9}.Debug|Any CPU.Build.0 = Debug|Any CPU
		{AE0D7CA9-573B-4FC3-A586-9E1336610AA9}.Debug|Any CPU.Deploy.0 = Debug|Any CPU
		{AE0D7CA9-573B-4FC3-A586-9E1336610AA9}.Release|Any CPU.ActiveCfg = Release|Any CPU
		{AE0D7CA9-573B-4FC3-A586-9E1336610AA9}.Release|Any CPU.Build.0 = Release|Any CPU
		{AE0D7CA9-573B-4FC3-A586-9E1336610AA9}.Release|Any CPU.Deploy.0 = Release|Any CPU
	EndGlobalSection
	GlobalSection(SolutionProperties) = preSolution
		HideSolutionNode = FALSE
	EndGlobalSection
	GlobalSection(ExtensibilityGlobals) = postSolution
		SolutionGuid = {C6ACE1AC-DCE0-41FF-A338-109C155F5DEA}
	EndGlobalSection
EndGlobal
